<?xml version="1.0" encoding="utf-8"?>
<Project ToolsVersion="4.0" xmlns="http://schemas.microsoft.com/developer/msbuild/2003">
  <ItemGroup>
    <ClInclude Include="JpegMarker.h" />
    <ClInclude Include="LosslessJpeg.h" />
    <ClInclude Include="LossyJpeg.h" />
  </ItemGroup>
  <ItemGroup>
    <ClCompile Include="LosslessJpeg.cpp" />
    <ClCompile Include="LossyJpeg.cpp" />
  </ItemGroup>
</Project>