
Microsoft Visual Studio Solution File, Format Version 12.00
# Visual Studio Version 17
VisualStudioVersion = 17.2.32519.379
MinimumVisualStudioVersion = 10.0.40219.1
Project("{9A19103F-16F7-4668-BE54-9A1E7A4F7556}") = "Player.UI.Windows", "UI\Windows\Player.UI.Windows.csproj", "{CCBAFA29-8A6A-4E7B-940A-65B4A79A338B}"
EndProject
Project("{9A19103F-16F7-4668-BE54-9A1E7A4F7556}") = "Player.Core", "Core\Player.Core.csproj", "{B0011DAE-21A6-45D9-889D-3C51B06B47EA}"
EndProject
Project("{9A19103F-16F7-4668-BE54-9A1E7A4F7556}") = "Player.UI", "UI\Common\Player.UI.csproj", "{72A3E507-3E4D-448A-A61D-52EDEE655F68}"
EndProject
Project("{9A19103F-16F7-4668-BE54-9A1E7A4F7556}") = "Player.GPU", "GPU\Common\Player.GPU.csproj", "{40D73598-3EB8-495D-9DB4-D3CF41302186}"
EndProject
Project("{9A19103F-16F7-4668-BE54-9A1E7A4F7556}") = "Player.GPU.OpenGL", "GPU\OpenGL\Player.GPU.OpenGL.csproj", "{E8BB5D4A-862C-4662-B1AA-0E93CD007455}"
EndProject
Project("{2150E333-8FDC-42A3-9474-1A3956D46DE8}") = "UI", "UI", "{DC244EEC-0000-43F8-8968-9E0EBF689317}"
EndProject
Project("{2150E333-8FDC-42A3-9474-1A3956D46DE8}") = "GPU", "GPU", "{5B507A59-D958-4FAC-B186-71AA4BD2FC4D}"
EndProject
Project("{2150E333-8FDC-42A3-9474-1A3956D46DE8}") = "Decoders", "Decoders", "{06DF0907-1189-4A3C-B90D-0D716A322588}"
EndProject
Project("{8BC9CEB8-8B4A-11D0-8D11-00A0C91BC942}") = "LJ92.Windows", "Decoders\LJ92\LJ92.Windows.vcxproj", "{670D9676-9A37-4E62-8C84-80AF6F09C968}"
EndProject
Global
	GlobalSection(SolutionConfigurationPlatforms) = preSolution
		Debug|Any CPU = Debug|Any CPU
		Debug|x64 = Debug|x64
		Release|Any CPU = Release|Any CPU
		Release|x64 = Release|x64
	EndGlobalSection
	GlobalSection(ProjectConfigurationPlatforms) = postSolution
		{CCBAFA29-8A6A-4E7B-940A-65B4A79A338B}.Debug|Any CPU.ActiveCfg = Debug|Any CPU
		{CCBAFA29-8A6A-4E7B-940A-65B4A79A338B}.Debug|Any CPU.Build.0 = Debug|Any CPU
		{CCBAFA29-8A6A-4E7B-940A-65B4A79A338B}.Debug|x64.ActiveCfg = Debug|Any CPU
		{CCBAFA29-8A6A-4E7B-940A-65B4A79A338B}.Debug|x64.Build.0 = Debug|Any CPU
		{CCBAFA29-8A6A-4E7B-940A-65B4A79A338B}.Release|Any CPU.ActiveCfg = Release|Any CPU
		{CCBAFA29-8A6A-4E7B-940A-65B4A79A338B}.Release|Any CPU.Build.0 = Release|Any CPU
		{CCBAFA29-8A6A-4E7B-940A-65B4A79A338B}.Release|x64.ActiveCfg = Release|Any CPU
		{CCBAFA29-8A6A-4E7B-940A-65B4A79A338B}.Release|x64.Build.0 = Release|Any CPU
		{B0011DAE-21A6-45D9-889D-3C51B06B47EA}.Debug|Any CPU.ActiveCfg = Debug|Any CPU
		{B0011DAE-21A6-45D9-889D-3C51B06B47EA}.Debug|Any CPU.Build.0 = Debug|Any CPU
		{B0011DAE-21A6-45D9-889D-3C51B06B47EA}.Debug|x64.ActiveCfg = Debug|Any CPU
		{B0011DAE-21A6-45D9-889D-3C51B06B47EA}.Debug|x64.Build.0 = Debug|Any CPU
		{B0011DAE-21A6-45D9-889D-3C51B06B47EA}.Release|Any CPU.ActiveCfg = Release|Any CPU
		{B0011DAE-21A6-45D9-889D-3C51B06B47EA}.Release|Any CPU.Build.0 = Release|Any CPU
		{B0011DAE-21A6-45D9-889D-3C51B06B47EA}.Release|x64.ActiveCfg = Release|Any CPU
		{B0011DAE-21A6-45D9-889D-3C51B06B47EA}.Release|x64.Build.0 = Release|Any CPU
		{72A3E507-3E4D-448A-A61D-52EDEE655F68}.Debug|Any CPU.ActiveCfg = Debug|Any CPU
		{72A3E507-3E4D-448A-A61D-52EDEE655F68}.Debug|Any CPU.Build.0 = Debug|Any CPU
		{72A3E507-3E4D-448A-A61D-52EDEE655F68}.Debug|x64.ActiveCfg = Debug|Any CPU
		{72A3E507-3E4D-448A-A61D-52EDEE655F68}.Debug|x64.Build.0 = Debug|Any CPU
		{72A3E507-3E4D-448A-A61D-52EDEE655F68}.Release|Any CPU.ActiveCfg = Release|Any CPU
		{72A3E507-3E4D-448A-A61D-52EDEE655F68}.Release|Any CPU.Build.0 = Release|Any CPU
		{72A3E507-3E4D-448A-A61D-52EDEE655F68}.Release|x64.ActiveCfg = Release|Any CPU
		{72A3E507-3E4D-448A-A61D-52EDEE655F68}.Release|x64.Build.0 = Release|Any CPU
		{40D73598-3EB8-495D-9DB4-D3CF41302186}.Debug|Any CPU.ActiveCfg = Debug|Any CPU
		{40D73598-3EB8-495D-9DB4-D3CF41302186}.Debug|Any CPU.Build.0 = Debug|Any CPU
		{40D73598-3EB8-495D-9DB4-D3CF41302186}.Debug|x64.ActiveCfg = Debug|Any CPU
		{40D73598-3EB8-495D-9DB4-D3CF41302186}.Debug|x64.Build.0 = Debug|Any CPU
		{40D73598-3EB8-495D-9DB4-D3CF41302186}.Release|Any CPU.ActiveCfg = Release|Any CPU
		{40D73598-3EB8-495D-9DB4-D3CF41302186}.Release|Any CPU.Build.0 = Release|Any CPU
		{40D73598-3EB8-495D-9DB4-D3CF41302186}.Release|x64.ActiveCfg = Release|Any CPU
		{40D73598-3EB8-495D-9DB4-D3CF41302186}.Release|x64.Build.0 = Release|Any CPU
		{E8BB5D4A-862C-4662-B1AA-0E93CD007455}.Debug|Any CPU.ActiveCfg = Debug|Any CPU
		{E8BB5D4A-862C-4662-B1AA-0E93CD007455}.Debug|Any CPU.Build.0 = Debug|Any CPU
		{E8BB5D4A-862C-4662-B1AA-0E93CD007455}.Debug|x64.ActiveCfg = Debug|Any CPU
		{E8BB5D4A-862C-4662-B1AA-0E93CD007455}.Debug|x64.Build.0 = Debug|Any CPU
		{E8BB5D4A-862C-4662-B1AA-0E93CD007455}.Release|Any CPU.ActiveCfg = Release|Any CPU
		{E8BB5D4A-862C-4662-B1AA-0E93CD007455}.Release|Any CPU.Build.0 = Release|Any CPU
		{E8BB5D4A-862C-4662-B1AA-0E93CD007455}.Release|x64.ActiveCfg = Release|Any CPU
		{E8BB5D4A-862C-4662-B1AA-0E93CD007455}.Release|x64.Build.0 = Release|Any CPU
		{670D9676-9A37-4E62-8C84-80AF6F09C968}.Debug|Any CPU.ActiveCfg = Debug|x64
		{670D9676-9A37-4E62-8C84-80AF6F09C968}.Debug|Any CPU.Build.0 = Debug|x64
		{670D9676-9A37-4E62-8C84-80AF6F09C968}.Debug|x64.ActiveCfg = Debug|x64
		{670D9676-9A37-4E62-8C84-80AF6F09C968}.Debug|x64.Build.0 = Debug|x64
		{670D9676-9A37-4E62-8C84-80AF6F09C968}.Release|Any CPU.ActiveCfg = Release|x64
		{670D9676-9A37-4E62-8C84-80AF6F09C968}.Release|Any CPU.Build.0 = Release|x64
		{670D9676-9A37-4E62-8C84-80AF6F09C968}.Release|x64.ActiveCfg = Release|x64
		{670D9676-9A37-4E62-8C84-80AF6F09C968}.Release|x64.Build.0 = Release|x64
	EndGlobalSection
	GlobalSection(SolutionProperties) = preSolution
		HideSolutionNode = FALSE
	EndGlobalSection
	GlobalSection(NestedProjects) = preSolution
		{CCBAFA29-8A6A-4E7B-940A-65B4A79A338B} = {DC244EEC-0000-43F8-8968-9E0EBF689317}
		{72A3E507-3E4D-448A-A61D-52EDEE655F68} = {DC244EEC-0000-43F8-8968-9E0EBF689317}
		{40D73598-3EB8-495D-9DB4-D3CF41302186} = {5B507A59-D958-4FAC-B186-71AA4BD2FC4D}
		{E8BB5D4A-862C-4662-B1AA-0E93CD007455} = {5B507A59-D958-4FAC-B186-71AA4BD2FC4D}
		{670D9676-9A37-4E62-8C84-80AF6F09C968} = {06DF0907-1189-4A3C-B90D-0D716A322588}
	EndGlobalSection
	GlobalSection(ExtensibilityGlobals) = postSolution
		SolutionGuid = {8E4D64FF-0694-420B-BFC3-747C1FE230FD}
	EndGlobalSection
EndGlobal
